
Microsoft Visual Studio Solution File, Format Version 12.00
# Visual Studio Version 17
VisualStudioVersion = 17.9.34622.214
MinimumVisualStudioVersion = 10.0.40219.1
Project("{FAE04EC0-301F-11D3-BF4B-00C04F79EFBC}") = "Events", "Events\Events.csproj", "{2FAA75F1-E5BF-44CC-A0E8-15EB0B79802A}"
EndProject
Global
	GlobalSection(SolutionConfigurationPlatforms) = preSolution
		Debug|Any CPU = Debug|Any CPU
		Release|Any CPU = Release|Any CPU
	EndGlobalSection
	GlobalSection(ProjectConfigurationPlatforms) = postSolution
		{2FAA75F1-E5BF-44CC-A0E8-15EB0B79802A}.Debug|Any CPU.ActiveCfg = Debug|Any CPU
		{2FAA75F1-E5BF-44CC-A0E8-15EB0B79802A}.Debug|Any CPU.Build.0 = Debug|Any CPU
		{2FAA75F1-E5BF-44CC-A0E8-15EB0B79802A}.Release|Any CPU.ActiveCfg = Release|Any CPU
		{2FAA75F1-E5BF-44CC-A0E8-15EB0B79802A}.Release|Any CPU.Build.0 = Release|Any CPU
	EndGlobalSection
	GlobalSection(SolutionProperties) = preSolution
		HideSolutionNode = FALSE
	EndGlobalSection
	GlobalSection(ExtensibilityGlobals) = postSolution
		SolutionGuid = {6CB6AD17-2DF7-4262-A2BE-C036E641C03F}
	EndGlobalSection
EndGlobal
